
Microsoft Visual Studio Solution File, Format Version 12.00
# Visual Studio 14
VisualStudioVersion = 14.0.23107.0
MinimumVisualStudioVersion = 10.0.40219.1
Project("{FAE04EC0-301F-11D3-BF4B-00C04F79EFBC}") = "LeukocyteGUI_for_oclHashCat", "LeukocyteGUI_for_oclHashCat\LeukocyteGUI_for_oclHashCat.csproj", "{F23369CF-91A6-40C6-9F76-FD5848396017}"
EndProject
Project("{FAE04EC0-301F-11D3-BF4B-00C04F79EFBC}") = "LeukocyteGUI_for_oclHashCat.Tests", "LeukocyteGUI_for_oclHashCat.Tests\LeukocyteGUI_for_oclHashCat.Tests.csproj", "{44D3E41F-2FC4-4243-92F5-FFA64725A78D}"
EndProject
Project("{FAE04EC0-301F-11D3-BF4B-00C04F79EFBC}") = "LeukocyteCore_for_oclHashcat", "LeukocyteCore_for_oclHashcat\LeukocyteCore_for_oclHashcat.csproj", "{0AC7700F-6217-4E8D-8365-F40820E902E2}"
EndProject
Global
	GlobalSection(SolutionConfigurationPlatforms) = preSolution
		Debug|Any CPU = Debug|Any CPU
		Release|Any CPU = Release|Any CPU
	EndGlobalSection
	GlobalSection(ProjectConfigurationPlatforms) = postSolution
		{F23369CF-91A6-40C6-9F76-FD5848396017}.Debug|Any CPU.ActiveCfg = Debug|Any CPU
		{F23369CF-91A6-40C6-9F76-FD5848396017}.Debug|Any CPU.Build.0 = Debug|Any CPU
		{F23369CF-91A6-40C6-9F76-FD5848396017}.Release|Any CPU.ActiveCfg = Release|Any CPU
		{F23369CF-91A6-40C6-9F76-FD5848396017}.Release|Any CPU.Build.0 = Release|Any CPU
		{44D3E41F-2FC4-4243-92F5-FFA64725A78D}.Debug|Any CPU.ActiveCfg = Debug|Any CPU
		{44D3E41F-2FC4-4243-92F5-FFA64725A78D}.Debug|Any CPU.Build.0 = Debug|Any CPU
		{44D3E41F-2FC4-4243-92F5-FFA64725A78D}.Release|Any CPU.ActiveCfg = Release|Any CPU
		{44D3E41F-2FC4-4243-92F5-FFA64725A78D}.Release|Any CPU.Build.0 = Release|Any CPU
		{0AC7700F-6217-4E8D-8365-F40820E902E2}.Debug|Any CPU.ActiveCfg = Debug|Any CPU
		{0AC7700F-6217-4E8D-8365-F40820E902E2}.Debug|Any CPU.Build.0 = Debug|Any CPU
		{0AC7700F-6217-4E8D-8365-F40820E902E2}.Release|Any CPU.ActiveCfg = Release|Any CPU
		{0AC7700F-6217-4E8D-8365-F40820E902E2}.Release|Any CPU.Build.0 = Release|Any CPU
	EndGlobalSection
	GlobalSection(SolutionProperties) = preSolution
		HideSolutionNode = FALSE
	EndGlobalSection
EndGlobal
